{
  "nodes": {
    "flake-compat": {
      "flake": false,
      "locked": {
        "lastModified": 1733328505,
        "narHash": "sha256-NeCCThCEP3eCl2l/+27kNNK7QrwZB1IJCrXfrbv5oqU=",
        "owner": "edolstra",
        "repo": "flake-compat",
        "rev": "ff81ac966bb2cae68946d5ed5fc4994f96d0ffec",
        "type": "github"
      },
      "original": {
        "owner": "edolstra",
        "repo": "flake-compat",
        "type": "github"
      }
    },
    "home-manager": {
      "inputs": {
        "nixpkgs": [
          "nixpkgs"
        ]
      },
      "locked": {
        "lastModified": 1733389730,
        "narHash": "sha256-KZMu4ddMll5khS0rYkJsVD0hVqjMNHlhTM3PCQar0Ag=",
        "owner": "nix-community",
        "repo": "home-manager",
        "rev": "65912bc6841cf420eb8c0a20e03df7cbbff5963f",
        "type": "github"
      },
      "original": {
        "owner": "nix-community",
        "repo": "home-manager",
        "type": "github"
      }
    },
    "nixpkgs": {
      "locked": {
        "lastModified": 1733212471,
        "narHash": "sha256-M1+uCoV5igihRfcUKrr1riygbe73/dzNnzPsmaLCmpo=",
        "owner": "nixos",
        "repo": "nixpkgs",
        "rev": "55d15ad12a74eb7d4646254e13638ad0c4128776",
        "type": "github"
      },
      "original": {
        "owner": "nixos",
        "ref": "nixos-unstable",
        "repo": "nixpkgs",
        "type": "github"
      }
    },
    "nixpkgs-fork": {
      "locked": {
        "lastModified": 1730057817,
        "narHash": "sha256-Bp0YtUQ5UbYTYkLjQmAoqnKEYYuDHronsSE6rBkR9eQ=",
        "owner": "fqidz",
        "repo": "nixpkgs",
        "rev": "602dfdbfc7e2f804767b78e84f644d28ea34ae3f",
        "type": "github"
      },
      "original": {
        "owner": "fqidz",
        "ref": "calibre-downgrade",
        "repo": "nixpkgs",
        "type": "github"
      }
    },
    "nixpkgs_2": {
      "locked": {
        "lastModified": 1731763621,
        "narHash": "sha256-ddcX4lQL0X05AYkrkV2LMFgGdRvgap7Ho8kgon3iWZk=",
        "owner": "NixOS",
        "repo": "nixpkgs",
        "rev": "c69a9bffbecde46b4b939465422ddc59493d3e4d",
        "type": "github"
      },
      "original": {
        "owner": "NixOS",
        "ref": "nixpkgs-unstable",
        "repo": "nixpkgs",
        "type": "github"
      }
    },
    "root": {
      "inputs": {
        "home-manager": "home-manager",
        "nixpkgs": "nixpkgs",
        "nixpkgs-fork": "nixpkgs-fork",
        "sops-nix": "sops-nix",
        "spicetify-nix": "spicetify-nix"
      }
    },
    "sops-nix": {
      "inputs": {
        "nixpkgs": "nixpkgs_2"
      },
      "locked": {
        "lastModified": 1733128155,
        "narHash": "sha256-m6/qwJAJYcidGMEdLqjKzRIjapK4nUfMq7rDCTmZajc=",
        "owner": "Mic92",
        "repo": "sops-nix",
        "rev": "c6134b6fff6bda95a1ac872a2a9d5f32e3c37856",
        "type": "github"
      },
      "original": {
        "owner": "Mic92",
        "repo": "sops-nix",
        "type": "github"
      }
    },
    "spicetify-nix": {
      "inputs": {
        "flake-compat": "flake-compat",
        "nixpkgs": [
          "nixpkgs"
        ]
      },
      "locked": {
        "lastModified": 1733458623,
        "narHash": "sha256-52PZbQysGpULrOehi4+807Qj3jSa3fXGJw0wuRxQfvo=",
        "owner": "Gerg-L",
        "repo": "spicetify-nix",
        "rev": "ebe9e466f8eb5b1ae3079d9c44cb4d8a56f8e5c2",
        "type": "github"
      },
      "original": {
        "owner": "Gerg-L",
        "repo": "spicetify-nix",
        "type": "github"
      }
    }
  },
  "root": "root",
  "version": 7
}
