{
  "nodes": {
    "flake-compat": {
      "flake": false,
      "locked": {
        "lastModified": 1696426674,
        "narHash": "sha256-kvjfFW7WAETZlt09AgDn1MrtKzP7t90Vf7vypd3OL1U=",
        "owner": "edolstra",
        "repo": "flake-compat",
        "rev": "0f9255e01c2351cc7d116c072cb317785dd33b33",
        "type": "github"
      },
      "original": {
        "owner": "edolstra",
        "repo": "flake-compat",
        "type": "github"
      }
    },
    "home-manager": {
      "inputs": {
        "nixpkgs": [
          "nixpkgs"
        ]
      },
      "locked": {
        "lastModified": 1729321331,
        "narHash": "sha256-KVyQq+ez/oB30/WbdNgVD8g/bda34z8NiU187QKQb74=",
        "owner": "nix-community",
        "repo": "home-manager",
        "rev": "122f70545b29ccb922e655b08acfe05bfb44ec68",
        "type": "github"
      },
      "original": {
        "owner": "nix-community",
        "repo": "home-manager",
        "type": "github"
      }
    },
    "nixpkgs": {
      "locked": {
        "lastModified": 1729256560,
        "narHash": "sha256-/uilDXvCIEs3C9l73JTACm4quuHUsIHcns1c+cHUJwA=",
        "owner": "nixos",
        "repo": "nixpkgs",
        "rev": "4c2fcb090b1f3e5b47eaa7bd33913b574a11e0a0",
        "type": "github"
      },
      "original": {
        "owner": "nixos",
        "ref": "nixos-unstable",
        "repo": "nixpkgs",
        "type": "github"
      }
    },
    "nixpkgs-stable": {
      "locked": {
        "lastModified": 1728156290,
        "narHash": "sha256-uogSvuAp+1BYtdu6UWuObjHqSbBohpyARXDWqgI12Ss=",
        "owner": "NixOS",
        "repo": "nixpkgs",
        "rev": "17ae88b569bb15590549ff478bab6494dde4a907",
        "type": "github"
      },
      "original": {
        "owner": "NixOS",
        "ref": "release-24.05",
        "repo": "nixpkgs",
        "type": "github"
      }
    },
    "nixpkgs-testing": {
      "locked": {
        "lastModified": 1725907337,
        "narHash": "sha256-2dlMLjc6tCXfhqpcg7JjMQzjrFJjRs48ZHmTTY2b5eI=",
        "owner": "fqidz",
        "repo": "nixpkgs",
        "rev": "31a344262af62ed998d7dfd8ddca7db1dc5c330c",
        "type": "github"
      },
      "original": {
        "owner": "fqidz",
        "ref": "brother-dcp-t510w-driver",
        "repo": "nixpkgs",
        "type": "github"
      }
    },
    "nixpkgs_2": {
      "locked": {
        "lastModified": 1728093190,
        "narHash": "sha256-CAZF2NRuHmqTtRTNAruWpHA43Gg2UvuCNEIzabP0l6M=",
        "owner": "NixOS",
        "repo": "nixpkgs",
        "rev": "e2f08f4d8b3ecb5cf5c9fd9cb2d53bb3c71807da",
        "type": "github"
      },
      "original": {
        "owner": "NixOS",
        "ref": "nixpkgs-unstable",
        "repo": "nixpkgs",
        "type": "github"
      }
    },
    "root": {
      "inputs": {
        "home-manager": "home-manager",
        "nixpkgs": "nixpkgs",
        "nixpkgs-testing": "nixpkgs-testing",
        "sops-nix": "sops-nix",
        "spicetify-nix": "spicetify-nix"
      }
    },
    "sops-nix": {
      "inputs": {
        "nixpkgs": "nixpkgs_2",
        "nixpkgs-stable": "nixpkgs-stable"
      },
      "locked": {
        "lastModified": 1728345710,
        "narHash": "sha256-lpunY1+bf90ts+sA2/FgxVNIegPDKCpEoWwOPu4ITTQ=",
        "owner": "Mic92",
        "repo": "sops-nix",
        "rev": "06535d0e3d0201e6a8080dd32dbfde339b94f01b",
        "type": "github"
      },
      "original": {
        "owner": "Mic92",
        "repo": "sops-nix",
        "type": "github"
      }
    },
    "spicetify-nix": {
      "inputs": {
        "flake-compat": "flake-compat",
        "nixpkgs": [
          "nixpkgs"
        ]
      },
      "locked": {
        "lastModified": 1729311378,
        "narHash": "sha256-EJieGv/hQr3EIo5hEvYHjvi8dMZc8fdT1nXrq6I0Ob0=",
        "owner": "Gerg-L",
        "repo": "spicetify-nix",
        "rev": "3dd5c8c33ee1b8d20d855e9fa425361719931b04",
        "type": "github"
      },
      "original": {
        "owner": "Gerg-L",
        "repo": "spicetify-nix",
        "type": "github"
      }
    }
  },
  "root": "root",
  "version": 7
}
